
Microsoft Visual Studio Solution File, Format Version 12.00
# Visual Studio 2012
Project("{FAE04EC0-301F-11D3-BF4B-00C04F79EFBC}") = "SistGestionAdministrativaConsultorioMedicoChuao", "SistGestionAdministrativaConsultorioMedicoChuao\SistGestionAdministrativaConsultorioMedicoChuao.csproj", "{638F7587-5AAA-4BF6-A9AC-BC0EB2BF5AE5}"
EndProject
Global
	GlobalSection(SolutionConfigurationPlatforms) = preSolution
		Debug|Any CPU = Debug|Any CPU
		Release|Any CPU = Release|Any CPU
	EndGlobalSection
	GlobalSection(ProjectConfigurationPlatforms) = postSolution
		{638F7587-5AAA-4BF6-A9AC-BC0EB2BF5AE5}.Debug|Any CPU.ActiveCfg = Debug|Any CPU
		{638F7587-5AAA-4BF6-A9AC-BC0EB2BF5AE5}.Debug|Any CPU.Build.0 = Debug|Any CPU
		{638F7587-5AAA-4BF6-A9AC-BC0EB2BF5AE5}.Release|Any CPU.ActiveCfg = Release|Any CPU
		{638F7587-5AAA-4BF6-A9AC-BC0EB2BF5AE5}.Release|Any CPU.Build.0 = Release|Any CPU
	EndGlobalSection
	GlobalSection(SolutionProperties) = preSolution
		HideSolutionNode = FALSE
	EndGlobalSection
EndGlobal
